
Microsoft Visual Studio Solution File, Format Version 12.00
# Visual Studio 15
VisualStudioVersion = 15.0.27703.2018
MinimumVisualStudioVersion = 10.0.40219.1
Project("{FAE04EC0-301F-11D3-BF4B-00C04F79EFBC}") = "EFNgApp", "EFNgApp\EFNgApp.csproj", "{195F933D-068A-4AD4-A47E-D7EC2713208B}"
EndProject
Global
	GlobalSection(SolutionConfigurationPlatforms) = preSolution
		Debug|Any CPU = Debug|Any CPU
		Release|Any CPU = Release|Any CPU
	EndGlobalSection
	GlobalSection(ProjectConfigurationPlatforms) = postSolution
		{195F933D-068A-4AD4-A47E-D7EC2713208B}.Debug|Any CPU.ActiveCfg = Debug|Any CPU
		{195F933D-068A-4AD4-A47E-D7EC2713208B}.Debug|Any CPU.Build.0 = Debug|Any CPU
		{195F933D-068A-4AD4-A47E-D7EC2713208B}.Release|Any CPU.ActiveCfg = Release|Any CPU
		{195F933D-068A-4AD4-A47E-D7EC2713208B}.Release|Any CPU.Build.0 = Release|Any CPU
	EndGlobalSection
	GlobalSection(SolutionProperties) = preSolution
		HideSolutionNode = FALSE
	EndGlobalSection
	GlobalSection(ExtensibilityGlobals) = postSolution
		SolutionGuid = {E1D102DB-59E8-4A22-B816-76DFB14CC09E}
	EndGlobalSection
EndGlobal
